// !$*UTF8*$!
{
	archiveVersion = 1;
	classes = {
	};
	objectVersion = 56;
	objects = {

/* Begin PBXBuildFile section */
		A12116E52C9D9E62009F37B4 /* AppDelegate.swift in Sources */ = {isa = PBXBuildFile; fileRef = A12116E42C9D9E62009F37B4 /* AppDelegate.swift */; };
		A12116E72C9D9E62009F37B4 /* SceneDelegate.swift in Sources */ = {isa = PBXBuildFile; fileRef = A12116E62C9D9E62009F37B4 /* SceneDelegate.swift */; };
		A12116E92C9D9E62009F37B4 /* ViewController.swift in Sources */ = {isa = PBXBuildFile; fileRef = A12116E82C9D9E62009F37B4 /* ViewController.swift */; };
		A12116EC2C9D9E62009F37B4 /* Base in Resources */ = {isa = PBXBuildFile; fileRef = A12116EB2C9D9E62009F37B4 /* Base */; };
		A12116EE2C9D9E64009F37B4 /* Assets.xcassets in Resources */ = {isa = PBXBuildFile; fileRef = A12116ED2C9D9E64009F37B4 /* Assets.xcassets */; };
		A12116F12C9D9E64009F37B4 /* Base in Resources */ = {isa = PBXBuildFile; fileRef = A12116F02C9D9E64009F37B4 /* Base */; };
		A12116FC2C9D9E64009F37B4 /* Week3Tests.swift in Sources */ = {isa = PBXBuildFile; fileRef = A12116FB2C9D9E64009F37B4 /* Week3Tests.swift */; };
		A12117062C9D9E64009F37B4 /* Week3UITests.swift in Sources */ = {isa = PBXBuildFile; fileRef = A12117052C9D9E64009F37B4 /* Week3UITests.swift */; };
		A12117082C9D9E64009F37B4 /* Week3UITestsLaunchTests.swift in Sources */ = {isa = PBXBuildFile; fileRef = A12117072C9D9E64009F37B4 /* Week3UITestsLaunchTests.swift */; };
/* End PBXBuildFile section */

/* Begin PBXContainerItemProxy section */
		A12116F82C9D9E64009F37B4 /* PBXContainerItemProxy */ = {
			isa = PBXContainerItemProxy;
			containerPortal = A12116D92C9D9E62009F37B4 /* Project object */;
			proxyType = 1;
			remoteGlobalIDString = A12116E02C9D9E62009F37B4;
			remoteInfo = Week3;
		};
		A12117022C9D9E64009F37B4 /* PBXContainerItemProxy */ = {
			isa = PBXContainerItemProxy;
			containerPortal = A12116D92C9D9E62009F37B4 /* Project object */;
			proxyType = 1;
			remoteGlobalIDString = A12116E02C9D9E62009F37B4;
			remoteInfo = Week3;
		};
/* End PBXContainerItemProxy section */

/* Begin PBXFileReference section */
		A12116E12C9D9E62009F37B4 /* Week3.app */ = {isa = PBXFileReference; explicitFileType = wrapper.application; includeInIndex = 0; path = Week3.app; sourceTree = BUILT_PRODUCTS_DIR; };
		A12116E42C9D9E62009F37B4 /* AppDelegate.swift */ = {isa = PBXFileReference; lastKnownFileType = sourcecode.swift; path = AppDelegate.swift; sourceTree = "<group>"; };
		A12116E62C9D9E62009F37B4 /* SceneDelegate.swift */ = {isa = PBXFileReference; lastKnownFileType = sourcecode.swift; path = SceneDelegate.swift; sourceTree = "<group>"; };
		A12116E82C9D9E62009F37B4 /* ViewController.swift */ = {isa = PBXFileReference; lastKnownFileType = sourcecode.swift; path = ViewController.swift; sourceTree = "<group>"; };
		A12116EB2C9D9E62009F37B4 /* Base */ = {isa = PBXFileReference; lastKnownFileType = file.storyboard; name = Base; path = Base.lproj/Main.storyboard; sourceTree = "<group>"; };
		A12116ED2C9D9E64009F37B4 /* Assets.xcassets */ = {isa = PBXFileReference; lastKnownFileType = folder.assetcatalog; path = Assets.xcassets; sourceTree = "<group>"; };
		A12116F02C9D9E64009F37B4 /* Base */ = {isa = PBXFileReference; lastKnownFileType = file.storyboard; name = Base; path = Base.lproj/LaunchScreen.storyboard; sourceTree = "<group>"; };
		A12116F22C9D9E64009F37B4 /* Info.plist */ = {isa = PBXFileReference; lastKnownFileType = text.plist.xml; path = Info.plist; sourceTree = "<group>"; };
		A12116F72C9D9E64009F37B4 /* Week3Tests.xctest */ = {isa = PBXFileReference; explicitFileType = wrapper.cfbundle; includeInIndex = 0; path = Week3Tests.xctest; sourceTree = BUILT_PRODUCTS_DIR; };
		A12116FB2C9D9E64009F37B4 /* Week3Tests.swift */ = {isa = PBXFileReference; lastKnownFileType = sourcecode.swift; path = Week3Tests.swift; sourceTree = "<group>"; };
		A12117012C9D9E64009F37B4 /* Week3UITests.xctest */ = {isa = PBXFileReference; explicitFileType = wrapper.cfbundle; includeInIndex = 0; path = Week3UITests.xctest; sourceTree = BUILT_PRODUCTS_DIR; };
		A12117052C9D9E64009F37B4 /* Week3UITests.swift */ = {isa = PBXFileReference; lastKnownFileType = sourcecode.swift; path = Week3UITests.swift; sourceTree = "<group>"; };
		A12117072C9D9E64009F37B4 /* Week3UITestsLaunchTests.swift */ = {isa = PBXFileReference; lastKnownFileType = sourcecode.swift; path = Week3UITestsLaunchTests.swift; sourceTree = "<group>"; };
/* End PBXFileReference section */

/* Begin PBXFrameworksBuildPhase section */
		A12116DE2C9D9E62009F37B4 /* Frameworks */ = {
			isa = PBXFrameworksBuildPhase;
			buildActionMask = 2147483647;
			files = (
			);
			runOnlyForDeploymentPostprocessing = 0;
		};
		A12116F42C9D9E64009F37B4 /* Frameworks */ = {
			isa = PBXFrameworksBuildPhase;
			buildActionMask = 2147483647;
			files = (
			);
			runOnlyForDeploymentPostprocessing = 0;
		};
		A12116FE2C9D9E64009F37B4 /* Frameworks */ = {
			isa = PBXFrameworksBuildPhase;
			buildActionMask = 2147483647;
			files = (
			);
			runOnlyForDeploymentPostprocessing = 0;
		};
/* End PBXFrameworksBuildPhase section */

/* Begin PBXGroup section */
		A12116D82C9D9E62009F37B4 = {
			isa = PBXGroup;
			children = (
				A12116E32C9D9E62009F37B4 /* Week3 */,
				A12116FA2C9D9E64009F37B4 /* Week3Tests */,
				A12117042C9D9E64009F37B4 /* Week3UITests */,
				A12116E22C9D9E62009F37B4 /* Products */,
			);
			sourceTree = "<group>";
		};
		A12116E22C9D9E62009F37B4 /* Products */ = {
			isa = PBXGroup;
			children = (
				A12116E12C9D9E62009F37B4 /* Week3.app */,
				A12116F72C9D9E64009F37B4 /* Week3Tests.xctest */,
				A12117012C9D9E64009F37B4 /* Week3UITests.xctest */,
			);
			name = Products;
			sourceTree = "<group>";
		};
		A12116E32C9D9E62009F37B4 /* Week3 */ = {
			isa = PBXGroup;
			children = (
				A12116E42C9D9E62009F37B4 /* AppDelegate.swift */,
				A12116E62C9D9E62009F37B4 /* SceneDelegate.swift */,
				A12116E82C9D9E62009F37B4 /* ViewController.swift */,
				A12116EA2C9D9E62009F37B4 /* Main.storyboard */,
				A12116ED2C9D9E64009F37B4 /* Assets.xcassets */,
				A12116EF2C9D9E64009F37B4 /* LaunchScreen.storyboard */,
				A12116F22C9D9E64009F37B4 /* Info.plist */,
			);
			path = Week3;
			sourceTree = "<group>";
		};
		A12116FA2C9D9E64009F37B4 /* Week3Tests */ = {
			isa = PBXGroup;
			children = (
				A12116FB2C9D9E64009F37B4 /* Week3Tests.swift */,
			);
			path = Week3Tests;
			sourceTree = "<group>";
		};
		A12117042C9D9E64009F37B4 /* Week3UITests */ = {
			isa = PBXGroup;
			children = (
				A12117052C9D9E64009F37B4 /* Week3UITests.swift */,
				A12117072C9D9E64009F37B4 /* Week3UITestsLaunchTests.swift */,
			);
			path = Week3UITests;
			sourceTree = "<group>";
		};
/* End PBXGroup section */

/* Begin PBXNativeTarget section */
		A12116E02C9D9E62009F37B4 /* Week3 */ = {
			isa = PBXNativeTarget;
			buildConfigurationList = A121170B2C9D9E64009F37B4 /* Build configuration list for PBXNativeTarget "Week3" */;
			buildPhases = (
				A12116DD2C9D9E62009F37B4 /* Sources */,
				A12116DE2C9D9E62009F37B4 /* Frameworks */,
				A12116DF2C9D9E62009F37B4 /* Resources */,
			);
			buildRules = (
			);
			dependencies = (
			);
			name = Week3;
			productName = Week3;
			productReference = A12116E12C9D9E62009F37B4 /* Week3.app */;
			productType = "com.apple.product-type.application";
		};
		A12116F62C9D9E64009F37B4 /* Week3Tests */ = {
			isa = PBXNativeTarget;
			buildConfigurationList = A121170E2C9D9E64009F37B4 /* Build configuration list for PBXNativeTarget "Week3Tests" */;
			buildPhases = (
				A12116F32C9D9E64009F37B4 /* Sources */,
				A12116F42C9D9E64009F37B4 /* Frameworks */,
				A12116F52C9D9E64009F37B4 /* Resources */,
			);
			buildRules = (
			);
			dependencies = (
				A12116F92C9D9E64009F37B4 /* PBXTargetDependency */,
			);
			name = Week3Tests;
			productName = Week3Tests;
			productReference = A12116F72C9D9E64009F37B4 /* Week3Tests.xctest */;
			productType = "com.apple.product-type.bundle.unit-test";
		};
		A12117002C9D9E64009F37B4 /* Week3UITests */ = {
			isa = PBXNativeTarget;
			buildConfigurationList = A12117112C9D9E64009F37B4 /* Build configuration list for PBXNativeTarget "Week3UITests" */;
			buildPhases = (
				A12116FD2C9D9E64009F37B4 /* Sources */,
				A12116FE2C9D9E64009F37B4 /* Frameworks */,
				A12116FF2C9D9E64009F37B4 /* Resources */,
			);
			buildRules = (
			);
			dependencies = (
				A12117032C9D9E64009F37B4 /* PBXTargetDependency */,
			);
			name = Week3UITests;
			productName = Week3UITests;
			productReference = A12117012C9D9E64009F37B4 /* Week3UITests.xctest */;
			productType = "com.apple.product-type.bundle.ui-testing";
		};
/* End PBXNativeTarget section */

/* Begin PBXProject section */
		A12116D92C9D9E62009F37B4 /* Project object */ = {
			isa = PBXProject;
			attributes = {
				BuildIndependentTargetsInParallel = 1;
				LastSwiftUpdateCheck = 1540;
				LastUpgradeCheck = 1540;
				TargetAttributes = {
					A12116E02C9D9E62009F37B4 = {
						CreatedOnToolsVersion = 15.4;
					};
					A12116F62C9D9E64009F37B4 = {
						CreatedOnToolsVersion = 15.4;
						TestTargetID = A12116E02C9D9E62009F37B4;
					};
					A12117002C9D9E64009F37B4 = {
						CreatedOnToolsVersion = 15.4;
						TestTargetID = A12116E02C9D9E62009F37B4;
					};
				};
			};
			buildConfigurationList = A12116DC2C9D9E62009F37B4 /* Build configuration list for PBXProject "Week3" */;
			compatibilityVersion = "Xcode 14.0";
			developmentRegion = en;
			hasScannedForEncodings = 0;
			knownRegions = (
				en,
				Base,
			);
			mainGroup = A12116D82C9D9E62009F37B4;
			productRefGroup = A12116E22C9D9E62009F37B4 /* Products */;
			projectDirPath = "";
			projectRoot = "";
			targets = (
				A12116E02C9D9E62009F37B4 /* Week3 */,
				A12116F62C9D9E64009F37B4 /* Week3Tests */,
				A12117002C9D9E64009F37B4 /* Week3UITests */,
			);
		};
/* End PBXProject section */

/* Begin PBXResourcesBuildPhase section */
		A12116DF2C9D9E62009F37B4 /* Resources */ = {
			isa = PBXResourcesBuildPhase;
			buildActionMask = 2147483647;
			files = (
				A12116EE2C9D9E64009F37B4 /* Assets.xcassets in Resources */,
				A12116F12C9D9E64009F37B4 /* Base in Resources */,
				A12116EC2C9D9E62009F37B4 /* Base in Resources */,
			);
			runOnlyForDeploymentPostprocessing = 0;
		};
		A12116F52C9D9E64009F37B4 /* Resources */ = {
			isa = PBXResourcesBuildPhase;
			buildActionMask = 2147483647;
			files = (
			);
			runOnlyForDeploymentPostprocessing = 0;
		};
		A12116FF2C9D9E64009F37B4 /* Resources */ = {
			isa = PBXResourcesBuildPhase;
			buildActionMask = 2147483647;
			files = (
			);
			runOnlyForDeploymentPostprocessing = 0;
		};
/* End PBXResourcesBuildPhase section */

/* Begin PBXSourcesBuildPhase section */
		A12116DD2C9D9E62009F37B4 /* Sources */ = {
			isa = PBXSourcesBuildPhase;
			buildActionMask = 2147483647;
			files = (
				A12116E92C9D9E62009F37B4 /* ViewController.swift in Sources */,
				A12116E52C9D9E62009F37B4 /* AppDelegate.swift in Sources */,
				A12116E72C9D9E62009F37B4 /* SceneDelegate.swift in Sources */,
			);
			runOnlyForDeploymentPostprocessing = 0;
		};
		A12116F32C9D9E64009F37B4 /* Sources */ = {
			isa = PBXSourcesBuildPhase;
			buildActionMask = 2147483647;
			files = (
				A12116FC2C9D9E64009F37B4 /* Week3Tests.swift in Sources */,
			);
			runOnlyForDeploymentPostprocessing = 0;
		};
		A12116FD2C9D9E64009F37B4 /* Sources */ = {
			isa = PBXSourcesBuildPhase;
			buildActionMask = 2147483647;
			files = (
				A12117082C9D9E64009F37B4 /* Week3UITestsLaunchTests.swift in Sources */,
				A12117062C9D9E64009F37B4 /* Week3UITests.swift in Sources */,
			);
			runOnlyForDeploymentPostprocessing = 0;
		};
/* End PBXSourcesBuildPhase section */

/* Begin PBXTargetDependency section */
		A12116F92C9D9E64009F37B4 /* PBXTargetDependency */ = {
			isa = PBXTargetDependency;
			target = A12116E02C9D9E62009F37B4 /* Week3 */;
			targetProxy = A12116F82C9D9E64009F37B4 /* PBXContainerItemProxy */;
		};
		A12117032C9D9E64009F37B4 /* PBXTargetDependency */ = {
			isa = PBXTargetDependency;
			target = A12116E02C9D9E62009F37B4 /* Week3 */;
			targetProxy = A12117022C9D9E64009F37B4 /* PBXContainerItemProxy */;
		};
/* End PBXTargetDependency section */

/* Begin PBXVariantGroup section */
		A12116EA2C9D9E62009F37B4 /* Main.storyboard */ = {
			isa = PBXVariantGroup;
			children = (
				A12116EB2C9D9E62009F37B4 /* Base */,
			);
			name = Main.storyboard;
			sourceTree = "<group>";
		};
		A12116EF2C9D9E64009F37B4 /* LaunchScreen.storyboard */ = {
			isa = PBXVariantGroup;
			children = (
				A12116F02C9D9E64009F37B4 /* Base */,
			);
			name = LaunchScreen.storyboard;
			sourceTree = "<group>";
		};
/* End PBXVariantGroup section */

/* Begin XCBuildConfiguration section */
		A12117092C9D9E64009F37B4 /* Debug */ = {
			isa = XCBuildConfiguration;
			buildSettings = {
				ALWAYS_SEARCH_USER_PATHS = NO;
				ASSETCATALOG_COMPILER_GENERATE_SWIFT_ASSET_SYMBOL_EXTENSIONS = YES;
				CLANG_ANALYZER_NONNULL = YES;
				CLANG_ANALYZER_NUMBER_OBJECT_CONVERSION = YES_AGGRESSIVE;
				CLANG_CXX_LANGUAGE_STANDARD = "gnu++20";
				CLANG_ENABLE_MODULES = YES;
				CLANG_ENABLE_OBJC_ARC = YES;
				CLANG_ENABLE_OBJC_WEAK = YES;
				CLANG_WARN_BLOCK_CAPTURE_AUTORELEASING = YES;
				CLANG_WARN_BOOL_CONVERSION = YES;
				CLANG_WARN_COMMA = YES;
				CLANG_WARN_CONSTANT_CONVERSION = YES;
				CLANG_WARN_DEPRECATED_OBJC_IMPLEMENTATIONS = YES;
				CLANG_WARN_DIRECT_OBJC_ISA_USAGE = YES_ERROR;
				CLANG_WARN_DOCUMENTATION_COMMENTS = YES;
				CLANG_WARN_EMPTY_BODY = YES;
				CLANG_WARN_ENUM_CONVERSION = YES;
				CLANG_WARN_INFINITE_RECURSION = YES;
				CLANG_WARN_INT_CONVERSION = YES;
				CLANG_WARN_NON_LITERAL_NULL_CONVERSION = YES;
				CLANG_WARN_OBJC_IMPLICIT_RETAIN_SELF = YES;
				CLANG_WARN_OBJC_LITERAL_CONVERSION = YES;
				CLANG_WARN_OBJC_ROOT_CLASS = YES_ERROR;
				CLANG_WARN_QUOTED_INCLUDE_IN_FRAMEWORK_HEADER = YES;
				CLANG_WARN_RANGE_LOOP_ANALYSIS = YES;
				CLANG_WARN_STRICT_PROTOTYPES = YES;
				CLANG_WARN_SUSPICIOUS_MOVE = YES;
				CLANG_WARN_UNGUARDED_AVAILABILITY = YES_AGGRESSIVE;
				CLANG_WARN_UNREACHABLE_CODE = YES;
				CLANG_WARN__DUPLICATE_METHOD_MATCH = YES;
				COPY_PHASE_STRIP = NO;
				DEBUG_INFORMATION_FORMAT = dwarf;
				ENABLE_STRICT_OBJC_MSGSEND = YES;
				ENABLE_TESTABILITY = YES;
				ENABLE_USER_SCRIPT_SANDBOXING = YES;
				GCC_C_LANGUAGE_STANDARD = gnu17;
				GCC_DYNAMIC_NO_PIC = NO;
				GCC_NO_COMMON_BLOCKS = YES;
				GCC_OPTIMIZATION_LEVEL = 0;
				GCC_PREPROCESSOR_DEFINITIONS = (
					"DEBUG=1",
					"$(inherited)",
				);
				GCC_WARN_64_TO_32_BIT_CONVERSION = YES;
				GCC_WARN_ABOUT_RETURN_TYPE = YES_ERROR;
				GCC_WARN_UNDECLARED_SELECTOR = YES;
				GCC_WARN_UNINITIALIZED_AUTOS = YES_AGGRESSIVE;
				GCC_WARN_UNUSED_FUNCTION = YES;
				GCC_WARN_UNUSED_VARIABLE = YES;
				IPHONEOS_DEPLOYMENT_TARGET = 17.5;
				LOCALIZATION_PREFERS_STRING_CATALOGS = YES;
				MTL_ENABLE_DEBUG_INFO = INCLUDE_SOURCE;
				MTL_FAST_MATH = YES;
				ONLY_ACTIVE_ARCH = YES;
				SDKROOT = iphoneos;
				SWIFT_ACTIVE_COMPILATION_CONDITIONS = "DEBUG $(inherited)";
				SWIFT_OPTIMIZATION_LEVEL = "-Onone";
			};
			name = Debug;
		};
		A121170A2C9D9E64009F37B4 /* Release */ = {
			isa = XCBuildConfiguration;
			buildSettings = {
				ALWAYS_SEARCH_USER_PATHS = NO;
				ASSETCATALOG_COMPILER_GENERATE_SWIFT_ASSET_SYMBOL_EXTENSIONS = YES;
				CLANG_ANALYZER_NONNULL = YES;
				CLANG_ANALYZER_NUMBER_OBJECT_CONVERSION = YES_AGGRESSIVE;
				CLANG_CXX_LANGUAGE_STANDARD = "gnu++20";
				CLANG_ENABLE_MODULES = YES;
				CLANG_ENABLE_OBJC_ARC = YES;
				CLANG_ENABLE_OBJC_WEAK = YES;
				CLANG_WARN_BLOCK_CAPTURE_AUTORELEASING = YES;
				CLANG_WARN_BOOL_CONVERSION = YES;
				CLANG_WARN_COMMA = YES;
				CLANG_WARN_CONSTANT_CONVERSION = YES;
				CLANG_WARN_DEPRECATED_OBJC_IMPLEMENTATIONS = YES;
				CLANG_WARN_DIRECT_OBJC_ISA_USAGE = YES_ERROR;
				CLANG_WARN_DOCUMENTATION_COMMENTS = YES;
				CLANG_WARN_EMPTY_BODY = YES;
				CLANG_WARN_ENUM_CONVERSION = YES;
				CLANG_WARN_INFINITE_RECURSION = YES;
				CLANG_WARN_INT_CONVERSION = YES;
				CLANG_WARN_NON_LITERAL_NULL_CONVERSION = YES;
				CLANG_WARN_OBJC_IMPLICIT_RETAIN_SELF = YES;
				CLANG_WARN_OBJC_LITERAL_CONVERSION = YES;
				CLANG_WARN_OBJC_ROOT_CLASS = YES_ERROR;
				CLANG_WARN_QUOTED_INCLUDE_IN_FRAMEWORK_HEADER = YES;
				CLANG_WARN_RANGE_LOOP_ANALYSIS = YES;
				CLANG_WARN_STRICT_PROTOTYPES = YES;
				CLANG_WARN_SUSPICIOUS_MOVE = YES;
				CLANG_WARN_UNGUARDED_AVAILABILITY = YES_AGGRESSIVE;
				CLANG_WARN_UNREACHABLE_CODE = YES;
				CLANG_WARN__DUPLICATE_METHOD_MATCH = YES;
				COPY_PHASE_STRIP = NO;
				DEBUG_INFORMATION_FORMAT = "dwarf-with-dsym";
				ENABLE_NS_ASSERTIONS = NO;
				ENABLE_STRICT_OBJC_MSGSEND = YES;
				ENABLE_USER_SCRIPT_SANDBOXING = YES;
				GCC_C_LANGUAGE_STANDARD = gnu17;
				GCC_NO_COMMON_BLOCKS = YES;
				GCC_WARN_64_TO_32_BIT_CONVERSION = YES;
				GCC_WARN_ABOUT_RETURN_TYPE = YES_ERROR;
				GCC_WARN_UNDECLARED_SELECTOR = YES;
				GCC_WARN_UNINITIALIZED_AUTOS = YES_AGGRESSIVE;
				GCC_WARN_UNUSED_FUNCTION = YES;
				GCC_WARN_UNUSED_VARIABLE = YES;
				IPHONEOS_DEPLOYMENT_TARGET = 17.5;
				LOCALIZATION_PREFERS_STRING_CATALOGS = YES;
				MTL_ENABLE_DEBUG_INFO = NO;
				MTL_FAST_MATH = YES;
				SDKROOT = iphoneos;
				SWIFT_COMPILATION_MODE = wholemodule;
				VALIDATE_PRODUCT = YES;
			};
			name = Release;
		};
		A121170C2C9D9E64009F37B4 /* Debug */ = {
			isa = XCBuildConfiguration;
			buildSettings = {
				ASSETCATALOG_COMPILER_APPICON_NAME = AppIcon;
				ASSETCATALOG_COMPILER_GLOBAL_ACCENT_COLOR_NAME = AccentColor;
				CODE_SIGN_STYLE = Automatic;
				CURRENT_PROJECT_VERSION = 1;
				GENERATE_INFOPLIST_FILE = YES;
				INFOPLIST_FILE = Week3/Info.plist;
				INFOPLIST_KEY_UIApplicationSupportsIndirectInputEvents = YES;
				INFOPLIST_KEY_UILaunchStoryboardName = LaunchScreen;
				INFOPLIST_KEY_UIMainStoryboardFile = Main;
				INFOPLIST_KEY_UISupportedInterfaceOrientations_iPad = "UIInterfaceOrientationPortrait UIInterfaceOrientationPortraitUpsideDown UIInterfaceOrientationLandscapeLeft UIInterfaceOrientationLandscapeRight";
				INFOPLIST_KEY_UISupportedInterfaceOrientations_iPhone = "UIInterfaceOrientationPortrait UIInterfaceOrientationLandscapeLeft UIInterfaceOrientationLandscapeRight";
				LD_RUNPATH_SEARCH_PATHS = (
					"$(inherited)",
					"@executable_path/Frameworks",
				);
				MARKETING_VERSION = 1.0;
				PRODUCT_BUNDLE_IDENTIFIER = humber.ca.Week3;
				PRODUCT_NAME = "$(TARGET_NAME)";
				SWIFT_EMIT_LOC_STRINGS = YES;
				SWIFT_VERSION = 5.0;
				TARGETED_DEVICE_FAMILY = "1,2";
			};
			name = Debug;
		};
		A121170D2C9D9E64009F37B4 /* Release */ = {
			isa = XCBuildConfiguration;
			buildSettings = {
				ASSETCATALOG_COMPILER_APPICON_NAME = AppIcon;
				ASSETCATALOG_COMPILER_GLOBAL_ACCENT_COLOR_NAME = AccentColor;
				CODE_SIGN_STYLE = Automatic;
				CURRENT_PROJECT_VERSION = 1;
				GENERATE_INFOPLIST_FILE = YES;
				INFOPLIST_FILE = Week3/Info.plist;
				INFOPLIST_KEY_UIApplicationSupportsIndirectInputEvents = YES;
				INFOPLIST_KEY_UILaunchStoryboardName = LaunchScreen;
				INFOPLIST_KEY_UIMainStoryboardFile = Main;
				INFOPLIST_KEY_UISupportedInterfaceOrientations_iPad = "UIInterfaceOrientationPortrait UIInterfaceOrientationPortraitUpsideDown UIInterfaceOrientationLandscapeLeft UIInterfaceOrientationLandscapeRight";
				INFOPLIST_KEY_UISupportedInterfaceOrientations_iPhone = "UIInterfaceOrientationPortrait UIInterfaceOrientationLandscapeLeft UIInterfaceOrientationLandscapeRight";
				LD_RUNPATH_SEARCH_PATHS = (
					"$(inherited)",
					"@executable_path/Frameworks",
				);
				MARKETING_VERSION = 1.0;
				PRODUCT_BUNDLE_IDENTIFIER = humber.ca.Week3;
				PRODUCT_NAME = "$(TARGET_NAME)";
				SWIFT_EMIT_LOC_STRINGS = YES;
				SWIFT_VERSION = 5.0;
				TARGETED_DEVICE_FAMILY = "1,2";
			};
			name = Release;
		};
		A121170F2C9D9E64009F37B4 /* Debug */ = {
			isa = XCBuildConfiguration;
			buildSettings = {
				ALWAYS_EMBED_SWIFT_STANDARD_LIBRARIES = YES;
				BUNDLE_LOADER = "$(TEST_HOST)";
				CODE_SIGN_STYLE = Automatic;
				CURRENT_PROJECT_VERSION = 1;
				GENERATE_INFOPLIST_FILE = YES;
				IPHONEOS_DEPLOYMENT_TARGET = 17.5;
				MARKETING_VERSION = 1.0;
				PRODUCT_BUNDLE_IDENTIFIER = humber.ca.Week3Tests;
				PRODUCT_NAME = "$(TARGET_NAME)";
				SWIFT_EMIT_LOC_STRINGS = NO;
				SWIFT_VERSION = 5.0;
				TARGETED_DEVICE_FAMILY = "1,2";
				TEST_HOST = "$(BUILT_PRODUCTS_DIR)/Week3.app/$(BUNDLE_EXECUTABLE_FOLDER_PATH)/Week3";
			};
			name = Debug;
		};
		A12117102C9D9E64009F37B4 /* Release */ = {
			isa = XCBuildConfiguration;
			buildSettings = {
				ALWAYS_EMBED_SWIFT_STANDARD_LIBRARIES = YES;
				BUNDLE_LOADER = "$(TEST_HOST)";
				CODE_SIGN_STYLE = Automatic;
				CURRENT_PROJECT_VERSION = 1;
				GENERATE_INFOPLIST_FILE = YES;
				IPHONEOS_DEPLOYMENT_TARGET = 17.5;
				MARKETING_VERSION = 1.0;
				PRODUCT_BUNDLE_IDENTIFIER = humber.ca.Week3Tests;
				PRODUCT_NAME = "$(TARGET_NAME)";
				SWIFT_EMIT_LOC_STRINGS = NO;
				SWIFT_VERSION = 5.0;
				TARGETED_DEVICE_FAMILY = "1,2";
				TEST_HOST = "$(BUILT_PRODUCTS_DIR)/Week3.app/$(BUNDLE_EXECUTABLE_FOLDER_PATH)/Week3";
			};
			name = Release;
		};
		A12117122C9D9E64009F37B4 /* Debug */ = {
			isa = XCBuildConfiguration;
			buildSettings = {
				ALWAYS_EMBED_SWIFT_STANDARD_LIBRARIES = YES;
				CODE_SIGN_STYLE = Automatic;
				CURRENT_PROJECT_VERSION = 1;
				GENERATE_INFOPLIST_FILE = YES;
				MARKETING_VERSION = 1.0;
				PRODUCT_BUNDLE_IDENTIFIER = humber.ca.Week3UITests;
				PRODUCT_NAME = "$(TARGET_NAME)";
				SWIFT_EMIT_LOC_STRINGS = NO;
				SWIFT_VERSION = 5.0;
				TARGETED_DEVICE_FAMILY = "1,2";
				TEST_TARGET_NAME = Week3;
			};
			name = Debug;
		};
		A12117132C9D9E64009F37B4 /* Release */ = {
			isa = XCBuildConfiguration;
			buildSettings = {
				ALWAYS_EMBED_SWIFT_STANDARD_LIBRARIES = YES;
				CODE_SIGN_STYLE = Automatic;
				CURRENT_PROJECT_VERSION = 1;
				GENERATE_INFOPLIST_FILE = YES;
				MARKETING_VERSION = 1.0;
				PRODUCT_BUNDLE_IDENTIFIER = humber.ca.Week3UITests;
				PRODUCT_NAME = "$(TARGET_NAME)";
				SWIFT_EMIT_LOC_STRINGS = NO;
				SWIFT_VERSION = 5.0;
				TARGETED_DEVICE_FAMILY = "1,2";
				TEST_TARGET_NAME = Week3;
			};
			name = Release;
		};
/* End XCBuildConfiguration section */

/* Begin XCConfigurationList section */
		A12116DC2C9D9E62009F37B4 /* Build configuration list for PBXProject "Week3" */ = {
			isa = XCConfigurationList;
			buildConfigurations = (
				A12117092C9D9E64009F37B4 /* Debug */,
				A121170A2C9D9E64009F37B4 /* Release */,
			);
			defaultConfigurationIsVisible = 0;
			defaultConfigurationName = Release;
		};
		A121170B2C9D9E64009F37B4 /* Build configuration list for PBXNativeTarget "Week3" */ = {
			isa = XCConfigurationList;
			buildConfigurations = (
				A121170C2C9D9E64009F37B4 /* Debug */,
				A121170D2C9D9E64009F37B4 /* Release */,
			);
			defaultConfigurationIsVisible = 0;
			defaultConfigurationName = Release;
		};
		A121170E2C9D9E64009F37B4 /* Build configuration list for PBXNativeTarget "Week3Tests" */ = {
			isa = XCConfigurationList;
			buildConfigurations = (
				A121170F2C9D9E64009F37B4 /* Debug */,
				A12117102C9D9E64009F37B4 /* Release */,
			);
			defaultConfigurationIsVisible = 0;
			defaultConfigurationName = Release;
		};
		A12117112C9D9E64009F37B4 /* Build configuration list for PBXNativeTarget "Week3UITests" */ = {
			isa = XCConfigurationList;
			buildConfigurations = (
				A12117122C9D9E64009F37B4 /* Debug */,
				A12117132C9D9E64009F37B4 /* Release */,
			);
			defaultConfigurationIsVisible = 0;
			defaultConfigurationName = Release;
		};
/* End XCConfigurationList section */
	};
	rootObject = A12116D92C9D9E62009F37B4 /* Project object */;
}
